// !$*UTF8*$!
{
	archiveVersion = 1;
	classes = {
	};
	objectVersion = 46;
	objects = {

/* Begin PBXBuildFile section */
		865091461EE27908008D3645 /* AppDelegate.swift in Sources */ = {isa = PBXBuildFile; fileRef = 865091451EE27908008D3645 /* AppDelegate.swift */; };
		865091481EE27908008D3645 /* ViewController.swift in Sources */ = {isa = PBXBuildFile; fileRef = 865091471EE27908008D3645 /* ViewController.swift */; };
		8650914B1EE27908008D3645 /* Main.storyboard in Resources */ = {isa = PBXBuildFile; fileRef = 865091491EE27908008D3645 /* Main.storyboard */; };
		8650914D1EE27908008D3645 /* Assets.xcassets in Resources */ = {isa = PBXBuildFile; fileRef = 8650914C1EE27908008D3645 /* Assets.xcassets */; };
		865091501EE27908008D3645 /* LaunchScreen.storyboard in Resources */ = {isa = PBXBuildFile; fileRef = 8650914E1EE27908008D3645 /* LaunchScreen.storyboard */; };
		8650915B1EE27908008D3645 /* MainControllerTests.swift in Sources */ = {isa = PBXBuildFile; fileRef = 8650915A1EE27908008D3645 /* MainControllerTests.swift */; };
		865091661EE27908008D3645 /* MainControllerUITests.swift in Sources */ = {isa = PBXBuildFile; fileRef = 865091651EE27908008D3645 /* MainControllerUITests.swift */; };
/* End PBXBuildFile section */

/* Begin PBXContainerItemProxy section */
		865091571EE27908008D3645 /* PBXContainerItemProxy */ = {
			isa = PBXContainerItemProxy;
			containerPortal = 8650913A1EE27908008D3645 /* Project object */;
			proxyType = 1;
			remoteGlobalIDString = 865091411EE27908008D3645;
			remoteInfo = MainController;
		};
		865091621EE27908008D3645 /* PBXContainerItemProxy */ = {
			isa = PBXContainerItemProxy;
			containerPortal = 8650913A1EE27908008D3645 /* Project object */;
			proxyType = 1;
			remoteGlobalIDString = 865091411EE27908008D3645;
			remoteInfo = MainController;
		};
/* End PBXContainerItemProxy section */

/* Begin PBXFileReference section */
		865091421EE27908008D3645 /* MainController.app */ = {isa = PBXFileReference; explicitFileType = wrapper.application; includeInIndex = 0; path = MainController.app; sourceTree = BUILT_PRODUCTS_DIR; };
		865091451EE27908008D3645 /* AppDelegate.swift */ = {isa = PBXFileReference; lastKnownFileType = sourcecode.swift; path = AppDelegate.swift; sourceTree = "<group>"; };
		865091471EE27908008D3645 /* ViewController.swift */ = {isa = PBXFileReference; lastKnownFileType = sourcecode.swift; path = ViewController.swift; sourceTree = "<group>"; };
		8650914A1EE27908008D3645 /* Base */ = {isa = PBXFileReference; lastKnownFileType = file.storyboard; name = Base; path = Base.lproj/Main.storyboard; sourceTree = "<group>"; };
		8650914C1EE27908008D3645 /* Assets.xcassets */ = {isa = PBXFileReference; lastKnownFileType = folder.assetcatalog; path = Assets.xcassets; sourceTree = "<group>"; };
		8650914F1EE27908008D3645 /* Base */ = {isa = PBXFileReference; lastKnownFileType = file.storyboard; name = Base; path = Base.lproj/LaunchScreen.storyboard; sourceTree = "<group>"; };
		865091511EE27908008D3645 /* Info.plist */ = {isa = PBXFileReference; lastKnownFileType = text.plist.xml; path = Info.plist; sourceTree = "<group>"; };
		865091561EE27908008D3645 /* MainControllerTests.xctest */ = {isa = PBXFileReference; explicitFileType = wrapper.cfbundle; includeInIndex = 0; path = MainControllerTests.xctest; sourceTree = BUILT_PRODUCTS_DIR; };
		8650915A1EE27908008D3645 /* MainControllerTests.swift */ = {isa = PBXFileReference; lastKnownFileType = sourcecode.swift; path = MainControllerTests.swift; sourceTree = "<group>"; };
		8650915C1EE27908008D3645 /* Info.plist */ = {isa = PBXFileReference; lastKnownFileType = text.plist.xml; path = Info.plist; sourceTree = "<group>"; };
		865091611EE27908008D3645 /* MainControllerUITests.xctest */ = {isa = PBXFileReference; explicitFileType = wrapper.cfbundle; includeInIndex = 0; path = MainControllerUITests.xctest; sourceTree = BUILT_PRODUCTS_DIR; };
		865091651EE27908008D3645 /* MainControllerUITests.swift */ = {isa = PBXFileReference; lastKnownFileType = sourcecode.swift; path = MainControllerUITests.swift; sourceTree = "<group>"; };
		865091671EE27908008D3645 /* Info.plist */ = {isa = PBXFileReference; lastKnownFileType = text.plist.xml; path = Info.plist; sourceTree = "<group>"; };
/* End PBXFileReference section */

/* Begin PBXFrameworksBuildPhase section */
		8650913F1EE27908008D3645 /* Frameworks */ = {
			isa = PBXFrameworksBuildPhase;
			buildActionMask = 2147483647;
			files = (
			);
			runOnlyForDeploymentPostprocessing = 0;
		};
		865091531EE27908008D3645 /* Frameworks */ = {
			isa = PBXFrameworksBuildPhase;
			buildActionMask = 2147483647;
			files = (
			);
			runOnlyForDeploymentPostprocessing = 0;
		};
		8650915E1EE27908008D3645 /* Frameworks */ = {
			isa = PBXFrameworksBuildPhase;
			buildActionMask = 2147483647;
			files = (
			);
			runOnlyForDeploymentPostprocessing = 0;
		};
/* End PBXFrameworksBuildPhase section */

/* Begin PBXGroup section */
		865091391EE27908008D3645 = {
			isa = PBXGroup;
			children = (
				865091441EE27908008D3645 /* MainController */,
				865091591EE27908008D3645 /* MainControllerTests */,
				865091641EE27908008D3645 /* MainControllerUITests */,
				865091431EE27908008D3645 /* Products */,
			);
			sourceTree = "<group>";
		};
		865091431EE27908008D3645 /* Products */ = {
			isa = PBXGroup;
			children = (
				865091421EE27908008D3645 /* MainController.app */,
				865091561EE27908008D3645 /* MainControllerTests.xctest */,
				865091611EE27908008D3645 /* MainControllerUITests.xctest */,
			);
			name = Products;
			sourceTree = "<group>";
		};
		865091441EE27908008D3645 /* MainController */ = {
			isa = PBXGroup;
			children = (
				865091451EE27908008D3645 /* AppDelegate.swift */,
				865091471EE27908008D3645 /* ViewController.swift */,
				865091491EE27908008D3645 /* Main.storyboard */,
				8650914C1EE27908008D3645 /* Assets.xcassets */,
				8650914E1EE27908008D3645 /* LaunchScreen.storyboard */,
				865091511EE27908008D3645 /* Info.plist */,
			);
			path = MainController;
			sourceTree = "<group>";
		};
		865091591EE27908008D3645 /* MainControllerTests */ = {
			isa = PBXGroup;
			children = (
				8650915A1EE27908008D3645 /* MainControllerTests.swift */,
				8650915C1EE27908008D3645 /* Info.plist */,
			);
			path = MainControllerTests;
			sourceTree = "<group>";
		};
		865091641EE27908008D3645 /* MainControllerUITests */ = {
			isa = PBXGroup;
			children = (
				865091651EE27908008D3645 /* MainControllerUITests.swift */,
				865091671EE27908008D3645 /* Info.plist */,
			);
			path = MainControllerUITests;
			sourceTree = "<group>";
		};
/* End PBXGroup section */

/* Begin PBXNativeTarget section */
		865091411EE27908008D3645 /* MainController */ = {
			isa = PBXNativeTarget;
			buildConfigurationList = 8650916A1EE27908008D3645 /* Build configuration list for PBXNativeTarget "MainController" */;
			buildPhases = (
				8650913E1EE27908008D3645 /* Sources */,
				8650913F1EE27908008D3645 /* Frameworks */,
				865091401EE27908008D3645 /* Resources */,
			);
			buildRules = (
			);
			dependencies = (
			);
			name = MainController;
			productName = MainController;
			productReference = 865091421EE27908008D3645 /* MainController.app */;
			productType = "com.apple.product-type.application";
		};
		865091551EE27908008D3645 /* MainControllerTests */ = {
			isa = PBXNativeTarget;
			buildConfigurationList = 8650916D1EE27908008D3645 /* Build configuration list for PBXNativeTarget "MainControllerTests" */;
			buildPhases = (
				865091521EE27908008D3645 /* Sources */,
				865091531EE27908008D3645 /* Frameworks */,
				865091541EE27908008D3645 /* Resources */,
			);
			buildRules = (
			);
			dependencies = (
				865091581EE27908008D3645 /* PBXTargetDependency */,
			);
			name = MainControllerTests;
			productName = MainControllerTests;
			productReference = 865091561EE27908008D3645 /* MainControllerTests.xctest */;
			productType = "com.apple.product-type.bundle.unit-test";
		};
		865091601EE27908008D3645 /* MainControllerUITests */ = {
			isa = PBXNativeTarget;
			buildConfigurationList = 865091701EE27908008D3645 /* Build configuration list for PBXNativeTarget "MainControllerUITests" */;
			buildPhases = (
				8650915D1EE27908008D3645 /* Sources */,
				8650915E1EE27908008D3645 /* Frameworks */,
				8650915F1EE27908008D3645 /* Resources */,
			);
			buildRules = (
			);
			dependencies = (
				865091631EE27908008D3645 /* PBXTargetDependency */,
			);
			name = MainControllerUITests;
			productName = MainControllerUITests;
			productReference = 865091611EE27908008D3645 /* MainControllerUITests.xctest */;
			productType = "com.apple.product-type.bundle.ui-testing";
		};
/* End PBXNativeTarget section */

/* Begin PBXProject section */
		8650913A1EE27908008D3645 /* Project object */ = {
			isa = PBXProject;
			attributes = {
				LastSwiftUpdateCheck = 0830;
				LastUpgradeCheck = 0830;
				ORGANIZATIONNAME = 651;
				TargetAttributes = {
					865091411EE27908008D3645 = {
						CreatedOnToolsVersion = 8.3.2;
						DevelopmentTeam = 863A9LELG5;
						ProvisioningStyle = Automatic;
					};
					865091551EE27908008D3645 = {
						CreatedOnToolsVersion = 8.3.2;
						DevelopmentTeam = 863A9LELG5;
						ProvisioningStyle = Automatic;
						TestTargetID = 865091411EE27908008D3645;
					};
					865091601EE27908008D3645 = {
						CreatedOnToolsVersion = 8.3.2;
						DevelopmentTeam = 863A9LELG5;
						ProvisioningStyle = Automatic;
						TestTargetID = 865091411EE27908008D3645;
					};
				};
			};
			buildConfigurationList = 8650913D1EE27908008D3645 /* Build configuration list for PBXProject "MainController" */;
			compatibilityVersion = "Xcode 3.2";
			developmentRegion = English;
			hasScannedForEncodings = 0;
			knownRegions = (
				en,
				Base,
			);
			mainGroup = 865091391EE27908008D3645;
			productRefGroup = 865091431EE27908008D3645 /* Products */;
			projectDirPath = "";
			projectRoot = "";
			targets = (
				865091411EE27908008D3645 /* MainController */,
				865091551EE27908008D3645 /* MainControllerTests */,
				865091601EE27908008D3645 /* MainControllerUITests */,
			);
		};
/* End PBXProject section */

/* Begin PBXResourcesBuildPhase section */
		865091401EE27908008D3645 /* Resources */ = {
			isa = PBXResourcesBuildPhase;
			buildActionMask = 2147483647;
			files = (
				865091501EE27908008D3645 /* LaunchScreen.storyboard in Resources */,
				8650914D1EE27908008D3645 /* Assets.xcassets in Resources */,
				8650914B1EE27908008D3645 /* Main.storyboard in Resources */,
			);
			runOnlyForDeploymentPostprocessing = 0;
		};
		865091541EE27908008D3645 /* Resources */ = {
			isa = PBXResourcesBuildPhase;
			buildActionMask = 2147483647;
			files = (
			);
			runOnlyForDeploymentPostprocessing = 0;
		};
		8650915F1EE27908008D3645 /* Resources */ = {
			isa = PBXResourcesBuildPhase;
			buildActionMask = 2147483647;
			files = (
			);
			runOnlyForDeploymentPostprocessing = 0;
		};
/* End PBXResourcesBuildPhase section */

/* Begin PBXSourcesBuildPhase section */
		8650913E1EE27908008D3645 /* Sources */ = {
			isa = PBXSourcesBuildPhase;
			buildActionMask = 2147483647;
			files = (
				865091481EE27908008D3645 /* ViewController.swift in Sources */,
				865091461EE27908008D3645 /* AppDelegate.swift in Sources */,
			);
			runOnlyForDeploymentPostprocessing = 0;
		};
		865091521EE27908008D3645 /* Sources */ = {
			isa = PBXSourcesBuildPhase;
			buildActionMask = 2147483647;
			files = (
				8650915B1EE27908008D3645 /* MainControllerTests.swift in Sources */,
			);
			runOnlyForDeploymentPostprocessing = 0;
		};
		8650915D1EE27908008D3645 /* Sources */ = {
			isa = PBXSourcesBuildPhase;
			buildActionMask = 2147483647;
			files = (
				865091661EE27908008D3645 /* MainControllerUITests.swift in Sources */,
			);
			runOnlyForDeploymentPostprocessing = 0;
		};
/* End PBXSourcesBuildPhase section */

/* Begin PBXTargetDependency section */
		865091581EE27908008D3645 /* PBXTargetDependency */ = {
			isa = PBXTargetDependency;
			target = 865091411EE27908008D3645 /* MainController */;
			targetProxy = 865091571EE27908008D3645 /* PBXContainerItemProxy */;
		};
		865091631EE27908008D3645 /* PBXTargetDependency */ = {
			isa = PBXTargetDependency;
			target = 865091411EE27908008D3645 /* MainController */;
			targetProxy = 865091621EE27908008D3645 /* PBXContainerItemProxy */;
		};
/* End PBXTargetDependency section */

/* Begin PBXVariantGroup section */
		865091491EE27908008D3645 /* Main.storyboard */ = {
			isa = PBXVariantGroup;
			children = (
				8650914A1EE27908008D3645 /* Base */,
			);
			name = Main.storyboard;
			sourceTree = "<group>";
		};
		8650914E1EE27908008D3645 /* LaunchScreen.storyboard */ = {
			isa = PBXVariantGroup;
			children = (
				8650914F1EE27908008D3645 /* Base */,
			);
			name = LaunchScreen.storyboard;
			sourceTree = "<group>";
		};
/* End PBXVariantGroup section */

/* Begin XCBuildConfiguration section */
		865091681EE27908008D3645 /* Debug */ = {
			isa = XCBuildConfiguration;
			buildSettings = {
				ALWAYS_SEARCH_USER_PATHS = NO;
				CLANG_ANALYZER_NONNULL = YES;
				CLANG_ANALYZER_NUMBER_OBJECT_CONVERSION = YES_AGGRESSIVE;
				CLANG_CXX_LANGUAGE_STANDARD = "gnu++0x";
				CLANG_CXX_LIBRARY = "libc++";
				CLANG_ENABLE_MODULES = YES;
				CLANG_ENABLE_OBJC_ARC = YES;
				CLANG_WARN_BOOL_CONVERSION = YES;
				CLANG_WARN_CONSTANT_CONVERSION = YES;
				CLANG_WARN_DIRECT_OBJC_ISA_USAGE = YES_ERROR;
				CLANG_WARN_DOCUMENTATION_COMMENTS = YES;
				CLANG_WARN_EMPTY_BODY = YES;
				CLANG_WARN_ENUM_CONVERSION = YES;
				CLANG_WARN_INFINITE_RECURSION = YES;
				CLANG_WARN_INT_CONVERSION = YES;
				CLANG_WARN_OBJC_ROOT_CLASS = YES_ERROR;
				CLANG_WARN_SUSPICIOUS_MOVE = YES;
				CLANG_WARN_UNREACHABLE_CODE = YES;
				CLANG_WARN__DUPLICATE_METHOD_MATCH = YES;
				"CODE_SIGN_IDENTITY[sdk=iphoneos*]" = "iPhone Developer";
				COPY_PHASE_STRIP = NO;
				DEBUG_INFORMATION_FORMAT = dwarf;
				ENABLE_STRICT_OBJC_MSGSEND = YES;
				ENABLE_TESTABILITY = YES;
				GCC_C_LANGUAGE_STANDARD = gnu99;
				GCC_DYNAMIC_NO_PIC = NO;
				GCC_NO_COMMON_BLOCKS = YES;
				GCC_OPTIMIZATION_LEVEL = 0;
				GCC_PREPROCESSOR_DEFINITIONS = (
					"DEBUG=1",
					"$(inherited)",
				);
				GCC_WARN_64_TO_32_BIT_CONVERSION = YES;
				GCC_WARN_ABOUT_RETURN_TYPE = YES_ERROR;
				GCC_WARN_UNDECLARED_SELECTOR = YES;
				GCC_WARN_UNINITIALIZED_AUTOS = YES_AGGRESSIVE;
				GCC_WARN_UNUSED_FUNCTION = YES;
				GCC_WARN_UNUSED_VARIABLE = YES;
				IPHONEOS_DEPLOYMENT_TARGET = 10.3;
				MTL_ENABLE_DEBUG_INFO = YES;
				ONLY_ACTIVE_ARCH = YES;
				SDKROOT = iphoneos;
				SWIFT_ACTIVE_COMPILATION_CONDITIONS = DEBUG;
				SWIFT_OPTIMIZATION_LEVEL = "-Onone";
				TARGETED_DEVICE_FAMILY = "1,2";
			};
			name = Debug;
		};
		865091691EE27908008D3645 /* Release */ = {
			isa = XCBuildConfiguration;
			buildSettings = {
				ALWAYS_SEARCH_USER_PATHS = NO;
				CLANG_ANALYZER_NONNULL = YES;
				CLANG_ANALYZER_NUMBER_OBJECT_CONVERSION = YES_AGGRESSIVE;
				CLANG_CXX_LANGUAGE_STANDARD = "gnu++0x";
				CLANG_CXX_LIBRARY = "libc++";
				CLANG_ENABLE_MODULES = YES;
				CLANG_ENABLE_OBJC_ARC = YES;
				CLANG_WARN_BOOL_CONVERSION = YES;
				CLANG_WARN_CONSTANT_CONVERSION = YES;
				CLANG_WARN_DIRECT_OBJC_ISA_USAGE = YES_ERROR;
				CLANG_WARN_DOCUMENTATION_COMMENTS = YES;
				CLANG_WARN_EMPTY_BODY = YES;
				CLANG_WARN_ENUM_CONVERSION = YES;
				CLANG_WARN_INFINITE_RECURSION = YES;
				CLANG_WARN_INT_CONVERSION = YES;
				CLANG_WARN_OBJC_ROOT_CLASS = YES_ERROR;
				CLANG_WARN_SUSPICIOUS_MOVE = YES;
				CLANG_WARN_UNREACHABLE_CODE = YES;
				CLANG_WARN__DUPLICATE_METHOD_MATCH = YES;
				"CODE_SIGN_IDENTITY[sdk=iphoneos*]" = "iPhone Developer";
				COPY_PHASE_STRIP = NO;
				DEBUG_INFORMATION_FORMAT = "dwarf-with-dsym";
				ENABLE_NS_ASSERTIONS = NO;
				ENABLE_STRICT_OBJC_MSGSEND = YES;
				GCC_C_LANGUAGE_STANDARD = gnu99;
				GCC_NO_COMMON_BLOCKS = YES;
				GCC_WARN_64_TO_32_BIT_CONVERSION = YES;
				GCC_WARN_ABOUT_RETURN_TYPE = YES_ERROR;
				GCC_WARN_UNDECLARED_SELECTOR = YES;
				GCC_WARN_UNINITIALIZED_AUTOS = YES_AGGRESSIVE;
				GCC_WARN_UNUSED_FUNCTION = YES;
				GCC_WARN_UNUSED_VARIABLE = YES;
				IPHONEOS_DEPLOYMENT_TARGET = 10.3;
				MTL_ENABLE_DEBUG_INFO = NO;
				SDKROOT = iphoneos;
				SWIFT_OPTIMIZATION_LEVEL = "-Owholemodule";
				TARGETED_DEVICE_FAMILY = "1,2";
				VALIDATE_PRODUCT = YES;
			};
			name = Release;
		};
		8650916B1EE27908008D3645 /* Debug */ = {
			isa = XCBuildConfiguration;
			buildSettings = {
				ASSETCATALOG_COMPILER_APPICON_NAME = AppIcon;
				DEVELOPMENT_TEAM = 863A9LELG5;
				INFOPLIST_FILE = MainController/Info.plist;
				LD_RUNPATH_SEARCH_PATHS = "$(inherited) @executable_path/Frameworks";
				PRODUCT_BUNDLE_IDENTIFIER = com.lwy.MainController;
				PRODUCT_NAME = "$(TARGET_NAME)";
				SWIFT_VERSION = 3.0;
			};
			name = Debug;
		};
		8650916C1EE27908008D3645 /* Release */ = {
			isa = XCBuildConfiguration;
			buildSettings = {
				ASSETCATALOG_COMPILER_APPICON_NAME = AppIcon;
				DEVELOPMENT_TEAM = 863A9LELG5;
				INFOPLIST_FILE = MainController/Info.plist;
				LD_RUNPATH_SEARCH_PATHS = "$(inherited) @executable_path/Frameworks";
				PRODUCT_BUNDLE_IDENTIFIER = com.lwy.MainController;
				PRODUCT_NAME = "$(TARGET_NAME)";
				SWIFT_VERSION = 3.0;
			};
			name = Release;
		};
		8650916E1EE27908008D3645 /* Debug */ = {
			isa = XCBuildConfiguration;
			buildSettings = {
				ALWAYS_EMBED_SWIFT_STANDARD_LIBRARIES = YES;
				BUNDLE_LOADER = "$(TEST_HOST)";
				DEVELOPMENT_TEAM = 863A9LELG5;
				INFOPLIST_FILE = MainControllerTests/Info.plist;
				LD_RUNPATH_SEARCH_PATHS = "$(inherited) @executable_path/Frameworks @loader_path/Frameworks";
				PRODUCT_BUNDLE_IDENTIFIER = com.lwy.MainControllerTests;
				PRODUCT_NAME = "$(TARGET_NAME)";
				SWIFT_VERSION = 3.0;
				TEST_HOST = "$(BUILT_PRODUCTS_DIR)/MainController.app/MainController";
			};
			name = Debug;
		};
		8650916F1EE27908008D3645 /* Release */ = {
			isa = XCBuildConfiguration;
			buildSettings = {
				ALWAYS_EMBED_SWIFT_STANDARD_LIBRARIES = YES;
				BUNDLE_LOADER = "$(TEST_HOST)";
				DEVELOPMENT_TEAM = 863A9LELG5;
				INFOPLIST_FILE = MainControllerTests/Info.plist;
				LD_RUNPATH_SEARCH_PATHS = "$(inherited) @executable_path/Frameworks @loader_path/Frameworks";
				PRODUCT_BUNDLE_IDENTIFIER = com.lwy.MainControllerTests;
				PRODUCT_NAME = "$(TARGET_NAME)";
				SWIFT_VERSION = 3.0;
				TEST_HOST = "$(BUILT_PRODUCTS_DIR)/MainController.app/MainController";
			};
			name = Release;
		};
		865091711EE27908008D3645 /* Debug */ = {
			isa = XCBuildConfiguration;
			buildSettings = {
				ALWAYS_EMBED_SWIFT_STANDARD_LIBRARIES = YES;
				DEVELOPMENT_TEAM = 863A9LELG5;
				INFOPLIST_FILE = MainControllerUITests/Info.plist;
				LD_RUNPATH_SEARCH_PATHS = "$(inherited) @executable_path/Frameworks @loader_path/Frameworks";
				PRODUCT_BUNDLE_IDENTIFIER = com.lwy.MainControllerUITests;
				PRODUCT_NAME = "$(TARGET_NAME)";
				SWIFT_VERSION = 3.0;
				TEST_TARGET_NAME = MainController;
			};
			name = Debug;
		};
		865091721EE27908008D3645 /* Release */ = {
			isa = XCBuildConfiguration;
			buildSettings = {
				ALWAYS_EMBED_SWIFT_STANDARD_LIBRARIES = YES;
				DEVELOPMENT_TEAM = 863A9LELG5;
				INFOPLIST_FILE = MainControllerUITests/Info.plist;
				LD_RUNPATH_SEARCH_PATHS = "$(inherited) @executable_path/Frameworks @loader_path/Frameworks";
				PRODUCT_BUNDLE_IDENTIFIER = com.lwy.MainControllerUITests;
				PRODUCT_NAME = "$(TARGET_NAME)";
				SWIFT_VERSION = 3.0;
				TEST_TARGET_NAME = MainController;
			};
			name = Release;
		};
/* End XCBuildConfiguration section */

/* Begin XCConfigurationList section */
		8650913D1EE27908008D3645 /* Build configuration list for PBXProject "MainController" */ = {
			isa = XCConfigurationList;
			buildConfigurations = (
				865091681EE27908008D3645 /* Debug */,
				865091691EE27908008D3645 /* Release */,
			);
			defaultConfigurationIsVisible = 0;
			defaultConfigurationName = Release;
		};
		8650916A1EE27908008D3645 /* Build configuration list for PBXNativeTarget "MainController" */ = {
			isa = XCConfigurationList;
			buildConfigurations = (
				8650916B1EE27908008D3645 /* Debug */,
				8650916C1EE27908008D3645 /* Release */,
			);
			defaultConfigurationIsVisible = 0;
		};
		8650916D1EE27908008D3645 /* Build configuration list for PBXNativeTarget "MainControllerTests" */ = {
			isa = XCConfigurationList;
			buildConfigurations = (
				8650916E1EE27908008D3645 /* Debug */,
				8650916F1EE27908008D3645 /* Release */,
			);
			defaultConfigurationIsVisible = 0;
		};
		865091701EE27908008D3645 /* Build configuration list for PBXNativeTarget "MainControllerUITests" */ = {
			isa = XCConfigurationList;
			buildConfigurations = (
				865091711EE27908008D3645 /* Debug */,
				865091721EE27908008D3645 /* Release */,
			);
			defaultConfigurationIsVisible = 0;
		};
/* End XCConfigurationList section */
	};
	rootObject = 8650913A1EE27908008D3645 /* Project object */;
}
